// !$*UTF8*$!
{
	archiveVersion = 1;
	classes = {
	};
	objectVersion = 46;
	objects = {

/* Begin PBXBuildFile section */
		F73097671E6064F7006EFC44 /* AppDelegate.swift in Sources */ = {isa = PBXBuildFile; fileRef = F73097661E6064F7006EFC44 /* AppDelegate.swift */; };
		F73097691E6064F7006EFC44 /* ViewController.swift in Sources */ = {isa = PBXBuildFile; fileRef = F73097681E6064F7006EFC44 /* ViewController.swift */; };
		F730976C1E6064F7006EFC44 /* Main.storyboard in Resources */ = {isa = PBXBuildFile; fileRef = F730976A1E6064F7006EFC44 /* Main.storyboard */; };
		F730976F1E6064F7006EFC44 /* GameCollector.xcdatamodeld in Sources */ = {isa = PBXBuildFile; fileRef = F730976D1E6064F7006EFC44 /* GameCollector.xcdatamodeld */; };
		F73097711E6064F7006EFC44 /* Assets.xcassets in Resources */ = {isa = PBXBuildFile; fileRef = F73097701E6064F7006EFC44 /* Assets.xcassets */; };
		F73097741E6064F7006EFC44 /* LaunchScreen.storyboard in Resources */ = {isa = PBXBuildFile; fileRef = F73097721E6064F7006EFC44 /* LaunchScreen.storyboard */; };
		F730977C1E607442006EFC44 /* Cool.jpg in Resources */ = {isa = PBXBuildFile; fileRef = F730977B1E607442006EFC44 /* Cool.jpg */; };
		F730977E1E6076E4006EFC44 /* GameViewController.swift in Sources */ = {isa = PBXBuildFile; fileRef = F730977D1E6076E4006EFC44 /* GameViewController.swift */; };
/* End PBXBuildFile section */

/* Begin PBXFileReference section */
		F73097631E6064F7006EFC44 /* GameCollector.app */ = {isa = PBXFileReference; explicitFileType = wrapper.application; includeInIndex = 0; path = GameCollector.app; sourceTree = BUILT_PRODUCTS_DIR; };
		F73097661E6064F7006EFC44 /* AppDelegate.swift */ = {isa = PBXFileReference; lastKnownFileType = sourcecode.swift; path = AppDelegate.swift; sourceTree = "<group>"; };
		F73097681E6064F7006EFC44 /* ViewController.swift */ = {isa = PBXFileReference; lastKnownFileType = sourcecode.swift; path = ViewController.swift; sourceTree = "<group>"; };
		F730976B1E6064F7006EFC44 /* Base */ = {isa = PBXFileReference; lastKnownFileType = file.storyboard; name = Base; path = Base.lproj/Main.storyboard; sourceTree = "<group>"; };
		F730976E1E6064F7006EFC44 /* GameCollector.xcdatamodel */ = {isa = PBXFileReference; lastKnownFileType = wrapper.xcdatamodel; path = GameCollector.xcdatamodel; sourceTree = "<group>"; };
		F73097701E6064F7006EFC44 /* Assets.xcassets */ = {isa = PBXFileReference; lastKnownFileType = folder.assetcatalog; path = Assets.xcassets; sourceTree = "<group>"; };
		F73097731E6064F7006EFC44 /* Base */ = {isa = PBXFileReference; lastKnownFileType = file.storyboard; name = Base; path = Base.lproj/LaunchScreen.storyboard; sourceTree = "<group>"; };
		F73097751E6064F7006EFC44 /* Info.plist */ = {isa = PBXFileReference; lastKnownFileType = text.plist.xml; path = Info.plist; sourceTree = "<group>"; };
		F730977B1E607442006EFC44 /* Cool.jpg */ = {isa = PBXFileReference; lastKnownFileType = image.jpeg; name = Cool.jpg; path = ../../../../Downloads/Cool.jpg; sourceTree = "<group>"; };
		F730977D1E6076E4006EFC44 /* GameViewController.swift */ = {isa = PBXFileReference; fileEncoding = 4; lastKnownFileType = sourcecode.swift; path = GameViewController.swift; sourceTree = "<group>"; };
/* End PBXFileReference section */

/* Begin PBXFrameworksBuildPhase section */
		F73097601E6064F7006EFC44 /* Frameworks */ = {
			isa = PBXFrameworksBuildPhase;
			buildActionMask = 2147483647;
			files = (
			);
			runOnlyForDeploymentPostprocessing = 0;
		};
/* End PBXFrameworksBuildPhase section */

/* Begin PBXGroup section */
		F730975A1E6064F7006EFC44 = {
			isa = PBXGroup;
			children = (
				F73097651E6064F7006EFC44 /* GameCollector */,
				F73097641E6064F7006EFC44 /* Products */,
			);
			sourceTree = "<group>";
		};
		F73097641E6064F7006EFC44 /* Products */ = {
			isa = PBXGroup;
			children = (
				F73097631E6064F7006EFC44 /* GameCollector.app */,
			);
			name = Products;
			sourceTree = "<group>";
		};
		F73097651E6064F7006EFC44 /* GameCollector */ = {
			isa = PBXGroup;
			children = (
				F730977B1E607442006EFC44 /* Cool.jpg */,
				F73097661E6064F7006EFC44 /* AppDelegate.swift */,
				F73097681E6064F7006EFC44 /* ViewController.swift */,
				F730977D1E6076E4006EFC44 /* GameViewController.swift */,
				F730976A1E6064F7006EFC44 /* Main.storyboard */,
				F73097701E6064F7006EFC44 /* Assets.xcassets */,
				F73097721E6064F7006EFC44 /* LaunchScreen.storyboard */,
				F73097751E6064F7006EFC44 /* Info.plist */,
				F730976D1E6064F7006EFC44 /* GameCollector.xcdatamodeld */,
			);
			path = GameCollector;
			sourceTree = "<group>";
		};
/* End PBXGroup section */

/* Begin PBXNativeTarget section */
		F73097621E6064F7006EFC44 /* GameCollector */ = {
			isa = PBXNativeTarget;
			buildConfigurationList = F73097781E6064F7006EFC44 /* Build configuration list for PBXNativeTarget "GameCollector" */;
			buildPhases = (
				F730975F1E6064F7006EFC44 /* Sources */,
				F73097601E6064F7006EFC44 /* Frameworks */,
				F73097611E6064F7006EFC44 /* Resources */,
			);
			buildRules = (
			);
			dependencies = (
			);
			name = GameCollector;
			productName = GameCollector;
			productReference = F73097631E6064F7006EFC44 /* GameCollector.app */;
			productType = "com.apple.product-type.application";
		};
/* End PBXNativeTarget section */

/* Begin PBXProject section */
		F730975B1E6064F7006EFC44 /* Project object */ = {
			isa = PBXProject;
			attributes = {
				LastSwiftUpdateCheck = 0820;
				LastUpgradeCheck = 0820;
				ORGANIZATIONNAME = "Mohammed Al-Khonaizi";
				TargetAttributes = {
					F73097621E6064F7006EFC44 = {
						CreatedOnToolsVersion = 8.2.1;
						ProvisioningStyle = Automatic;
					};
				};
			};
			buildConfigurationList = F730975E1E6064F7006EFC44 /* Build configuration list for PBXProject "GameCollector" */;
			compatibilityVersion = "Xcode 3.2";
			developmentRegion = English;
			hasScannedForEncodings = 0;
			knownRegions = (
				en,
				Base,
			);
			mainGroup = F730975A1E6064F7006EFC44;
			productRefGroup = F73097641E6064F7006EFC44 /* Products */;
			projectDirPath = "";
			projectRoot = "";
			targets = (
				F73097621E6064F7006EFC44 /* GameCollector */,
			);
		};
/* End PBXProject section */

/* Begin PBXResourcesBuildPhase section */
		F73097611E6064F7006EFC44 /* Resources */ = {
			isa = PBXResourcesBuildPhase;
			buildActionMask = 2147483647;
			files = (
				F730977C1E607442006EFC44 /* Cool.jpg in Resources */,
				F73097741E6064F7006EFC44 /* LaunchScreen.storyboard in Resources */,
				F73097711E6064F7006EFC44 /* Assets.xcassets in Resources */,
				F730976C1E6064F7006EFC44 /* Main.storyboard in Resources */,
			);
			runOnlyForDeploymentPostprocessing = 0;
		};
/* End PBXResourcesBuildPhase section */

/* Begin PBXSourcesBuildPhase section */
		F730975F1E6064F7006EFC44 /* Sources */ = {
			isa = PBXSourcesBuildPhase;
			buildActionMask = 2147483647;
			files = (
				F730977E1E6076E4006EFC44 /* GameViewController.swift in Sources */,
				F730976F1E6064F7006EFC44 /* GameCollector.xcdatamodeld in Sources */,
				F73097691E6064F7006EFC44 /* ViewController.swift in Sources */,
				F73097671E6064F7006EFC44 /* AppDelegate.swift in Sources */,
			);
			runOnlyForDeploymentPostprocessing = 0;
		};
/* End PBXSourcesBuildPhase section */

/* Begin PBXVariantGroup section */
		F730976A1E6064F7006EFC44 /* Main.storyboard */ = {
			isa = PBXVariantGroup;
			children = (
				F730976B1E6064F7006EFC44 /* Base */,
			);
			name = Main.storyboard;
			sourceTree = "<group>";
		};
		F73097721E6064F7006EFC44 /* LaunchScreen.storyboard */ = {
			isa = PBXVariantGroup;
			children = (
				F73097731E6064F7006EFC44 /* Base */,
			);
			name = LaunchScreen.storyboard;
			sourceTree = "<group>";
		};
/* End PBXVariantGroup section */

/* Begin XCBuildConfiguration section */
		F73097761E6064F7006EFC44 /* Debug */ = {
			isa = XCBuildConfiguration;
			buildSettings = {
				ALWAYS_SEARCH_USER_PATHS = NO;
				CLANG_ANALYZER_NONNULL = YES;
				CLANG_CXX_LANGUAGE_STANDARD = "gnu++0x";
				CLANG_CXX_LIBRARY = "libc++";
				CLANG_ENABLE_MODULES = YES;
				CLANG_ENABLE_OBJC_ARC = YES;
				CLANG_WARN_BOOL_CONVERSION = YES;
				CLANG_WARN_CONSTANT_CONVERSION = YES;
				CLANG_WARN_DIRECT_OBJC_ISA_USAGE = YES_ERROR;
				CLANG_WARN_DOCUMENTATION_COMMENTS = YES;
				CLANG_WARN_EMPTY_BODY = YES;
				CLANG_WARN_ENUM_CONVERSION = YES;
				CLANG_WARN_INFINITE_RECURSION = YES;
				CLANG_WARN_INT_CONVERSION = YES;
				CLANG_WARN_OBJC_ROOT_CLASS = YES_ERROR;
				CLANG_WARN_SUSPICIOUS_MOVE = YES;
				CLANG_WARN_UNREACHABLE_CODE = YES;
				CLANG_WARN__DUPLICATE_METHOD_MATCH = YES;
				"CODE_SIGN_IDENTITY[sdk=iphoneos*]" = "iPhone Developer";
				COPY_PHASE_STRIP = NO;
				DEBUG_INFORMATION_FORMAT = dwarf;
				ENABLE_STRICT_OBJC_MSGSEND = YES;
				ENABLE_TESTABILITY = YES;
				GCC_C_LANGUAGE_STANDARD = gnu99;
				GCC_DYNAMIC_NO_PIC = NO;
				GCC_NO_COMMON_BLOCKS = YES;
				GCC_OPTIMIZATION_LEVEL = 0;
				GCC_PREPROCESSOR_DEFINITIONS = (
					"DEBUG=1",
					"$(inherited)",
				);
				GCC_WARN_64_TO_32_BIT_CONVERSION = YES;
				GCC_WARN_ABOUT_RETURN_TYPE = YES_ERROR;
				GCC_WARN_UNDECLARED_SELECTOR = YES;
				GCC_WARN_UNINITIALIZED_AUTOS = YES_AGGRESSIVE;
				GCC_WARN_UNUSED_FUNCTION = YES;
				GCC_WARN_UNUSED_VARIABLE = YES;
				IPHONEOS_DEPLOYMENT_TARGET = 10.2;
				MTL_ENABLE_DEBUG_INFO = YES;
				ONLY_ACTIVE_ARCH = YES;
				SDKROOT = iphoneos;
				SWIFT_ACTIVE_COMPILATION_CONDITIONS = DEBUG;
				SWIFT_OPTIMIZATION_LEVEL = "-Onone";
			};
			name = Debug;
		};
		F73097771E6064F7006EFC44 /* Release */ = {
			isa = XCBuildConfiguration;
			buildSettings = {
				ALWAYS_SEARCH_USER_PATHS = NO;
				CLANG_ANALYZER_NONNULL = YES;
				CLANG_CXX_LANGUAGE_STANDARD = "gnu++0x";
				CLANG_CXX_LIBRARY = "libc++";
				CLANG_ENABLE_MODULES = YES;
				CLANG_ENABLE_OBJC_ARC = YES;
				CLANG_WARN_BOOL_CONVERSION = YES;
				CLANG_WARN_CONSTANT_CONVERSION = YES;
				CLANG_WARN_DIRECT_OBJC_ISA_USAGE = YES_ERROR;
				CLANG_WARN_DOCUMENTATION_COMMENTS = YES;
				CLANG_WARN_EMPTY_BODY = YES;
				CLANG_WARN_ENUM_CONVERSION = YES;
				CLANG_WARN_INFINITE_RECURSION = YES;
				CLANG_WARN_INT_CONVERSION = YES;
				CLANG_WARN_OBJC_ROOT_CLASS = YES_ERROR;
				CLANG_WARN_SUSPICIOUS_MOVE = YES;
				CLANG_WARN_UNREACHABLE_CODE = YES;
				CLANG_WARN__DUPLICATE_METHOD_MATCH = YES;
				"CODE_SIGN_IDENTITY[sdk=iphoneos*]" = "iPhone Developer";
				COPY_PHASE_STRIP = NO;
				DEBUG_INFORMATION_FORMAT = "dwarf-with-dsym";
				ENABLE_NS_ASSERTIONS = NO;
				ENABLE_STRICT_OBJC_MSGSEND = YES;
				GCC_C_LANGUAGE_STANDARD = gnu99;
				GCC_NO_COMMON_BLOCKS = YES;
				GCC_WARN_64_TO_32_BIT_CONVERSION = YES;
				GCC_WARN_ABOUT_RETURN_TYPE = YES_ERROR;
				GCC_WARN_UNDECLARED_SELECTOR = YES;
				GCC_WARN_UNINITIALIZED_AUTOS = YES_AGGRESSIVE;
				GCC_WARN_UNUSED_FUNCTION = YES;
				GCC_WARN_UNUSED_VARIABLE = YES;
				IPHONEOS_DEPLOYMENT_TARGET = 10.2;
				MTL_ENABLE_DEBUG_INFO = NO;
				SDKROOT = iphoneos;
				SWIFT_OPTIMIZATION_LEVEL = "-Owholemodule";
				VALIDATE_PRODUCT = YES;
			};
			name = Release;
		};
		F73097791E6064F7006EFC44 /* Debug */ = {
			isa = XCBuildConfiguration;
			buildSettings = {
				ASSETCATALOG_COMPILER_APPICON_NAME = AppIcon;
				INFOPLIST_FILE = GameCollector/Info.plist;
				LD_RUNPATH_SEARCH_PATHS = "$(inherited) @executable_path/Frameworks";
				PRODUCT_BUNDLE_IDENTIFIER = com.backlife2005.GameCollector;
				PRODUCT_NAME = "$(TARGET_NAME)";
				SWIFT_VERSION = 3.0;
			};
			name = Debug;
		};
		F730977A1E6064F7006EFC44 /* Release */ = {
			isa = XCBuildConfiguration;
			buildSettings = {
				ASSETCATALOG_COMPILER_APPICON_NAME = AppIcon;
				INFOPLIST_FILE = GameCollector/Info.plist;
				LD_RUNPATH_SEARCH_PATHS = "$(inherited) @executable_path/Frameworks";
				PRODUCT_BUNDLE_IDENTIFIER = com.backlife2005.GameCollector;
				PRODUCT_NAME = "$(TARGET_NAME)";
				SWIFT_VERSION = 3.0;
			};
			name = Release;
		};
/* End XCBuildConfiguration section */

/* Begin XCConfigurationList section */
		F730975E1E6064F7006EFC44 /* Build configuration list for PBXProject "GameCollector" */ = {
			isa = XCConfigurationList;
			buildConfigurations = (
				F73097761E6064F7006EFC44 /* Debug */,
				F73097771E6064F7006EFC44 /* Release */,
			);
			defaultConfigurationIsVisible = 0;
			defaultConfigurationName = Release;
		};
		F73097781E6064F7006EFC44 /* Build configuration list for PBXNativeTarget "GameCollector" */ = {
			isa = XCConfigurationList;
			buildConfigurations = (
				F73097791E6064F7006EFC44 /* Debug */,
				F730977A1E6064F7006EFC44 /* Release */,
			);
			defaultConfigurationIsVisible = 0;
		};
/* End XCConfigurationList section */

/* Begin XCVersionGroup section */
		F730976D1E6064F7006EFC44 /* GameCollector.xcdatamodeld */ = {
			isa = XCVersionGroup;
			children = (
				F730976E1E6064F7006EFC44 /* GameCollector.xcdatamodel */,
			);
			currentVersion = F730976E1E6064F7006EFC44 /* GameCollector.xcdatamodel */;
			path = GameCollector.xcdatamodeld;
			sourceTree = "<group>";
			versionGroupType = wrapper.xcdatamodel;
		};
/* End XCVersionGroup section */
	};
	rootObject = F730975B1E6064F7006EFC44 /* Project object */;
}
